
Microsoft Visual Studio Solution File, Format Version 12.00
# Visual Studio Version 16
VisualStudioVersion = 16.0.29806.167
MinimumVisualStudioVersion = 10.0.40219.1
Project("{9A19103F-16F7-4668-BE54-9A1E7A4F7556}") = "BazaDanych", "BazaDanych\BazaDanych.csproj", "{A612A253-34C3-42C2-AD7B-C94F9E03F28E}"
EndProject
Project("{9A19103F-16F7-4668-BE54-9A1E7A4F7556}") = "Dapper2", "Dapper2\Dapper2.csproj", "{97B27AAC-E022-4A8B-95A6-5E834F583E33}"
EndProject
Project("{9A19103F-16F7-4668-BE54-9A1E7A4F7556}") = "EntityFramework", "EntityFramework\EntityFramework.csproj", "{EEB6E5E5-2608-4987-A5EF-98B5B0D146CF}"
EndProject
Project("{9A19103F-16F7-4668-BE54-9A1E7A4F7556}") = "Asyncs2", "Asyncs2\Asyncs2.csproj", "{71296DE6-3522-47D6-B1A9-3110374B7B06}"
EndProject
Project("{2150E333-8FDC-42A3-9474-1A3956D46DE8}") = "Lab5", "Lab5", "{307FFD48-F518-42DA-B9B1-198B99F1C300}"
EndProject
Project("{FAE04EC0-301F-11D3-BF4B-00C04F79EFBC}") = "ZadanieDodatkowe", "ZadanieDodatkowe\ZadanieDodatkowe.csproj", "{184A6870-9D98-43BF-A818-08F9BE450FFD}"
EndProject
Project("{FAE04EC0-301F-11D3-BF4B-00C04F79EFBC}") = "lab6", "lab6\lab6.csproj", "{D8F0F57C-EC31-44E1-B029-6F6D638926C3}"
EndProject
Project("{9A19103F-16F7-4668-BE54-9A1E7A4F7556}") = "Zadanie 1.1", "Zadanie 1.1\Zadanie 1.1.csproj", "{957429C0-D272-4AC5-A312-77CBD64C7B16}"
EndProject
Project("{FAE04EC0-301F-11D3-BF4B-00C04F79EFBC}") = "lab7", "lab7\lab7.csproj", "{2489AD1F-0382-490E-9B4B-AFB5DA34D86A}"
EndProject
Project("{FAE04EC0-301F-11D3-BF4B-00C04F79EFBC}") = "Gra_wyklad", "Gra_wyklad\Gra_wyklad.csproj", "{2A6FDE8F-B46B-4E47-BBE8-19B965A0E67C}"
EndProject
Project("{FAE04EC0-301F-11D3-BF4B-00C04F79EFBC}") = "PierwszyProjekt", "PierwszyProjekt\PierwszyProjekt.csproj", "{B6A046D0-7503-4A4F-8C42-766F284D64C0}"
EndProject
Project("{FAE04EC0-301F-11D3-BF4B-00C04F79EFBC}") = "WPF_1", "WPF_1\WPF_1.csproj", "{8BA9A2FD-3473-429D-A2DA-FE62423BEB71}"
EndProject
Project("{FAE04EC0-301F-11D3-BF4B-00C04F79EFBC}") = "WPF_Bind", "WPF_Bind\WPF_Bind.csproj", "{CDB1C1EB-245A-4208-AD19-B17B1D2AA17E}"
EndProject
Project("{FAE04EC0-301F-11D3-BF4B-00C04F79EFBC}") = "WPF_Notify", "WPF_Notify\WPF_Notify.csproj", "{434A2C7E-C7EE-4065-B0BD-402B22328FE3}"
EndProject
Project("{FAE04EC0-301F-11D3-BF4B-00C04F79EFBC}") = "WPF_kontrolka", "WPF_kontrolka\WPF_kontrolka.csproj", "{8DE5C691-6310-4C96-8E1F-984BB7D93333}"
EndProject
Project("{FAE04EC0-301F-11D3-BF4B-00C04F79EFBC}") = "Projekt_2.0", "Projekt_2.0\Projekt_2.0.csproj", "{A35E7292-67FA-4CE5-B804-105F704AC27A}"
EndProject
Project("{FAE04EC0-301F-11D3-BF4B-00C04F79EFBC}") = "TestProjekt", "TestProjekt\TestProjekt.csproj", "{61400897-EF1D-4D7F-BADA-E7A7CEDDD266}"
EndProject
Project("{FAE04EC0-301F-11D3-BF4B-00C04F79EFBC}") = "WPF_Resc", "WPF_Resc\WPF_Resc.csproj", "{27340AEB-7A3B-44D8-A261-FA4E27AF4DE3}"
EndProject
Project("{FAE04EC0-301F-11D3-BF4B-00C04F79EFBC}") = "lab14", "lab14\lab14.csproj", "{C8B40B1C-E7D3-4E1C-B28E-E430C28E552B}"
EndProject
Project("{FAE04EC0-301F-11D3-BF4B-00C04F79EFBC}") = "lab15", "lab15\lab15.csproj", "{83CF9195-A22D-4503-BC31-D26B50C2CEE8}"
EndProject
Project("{FAE04EC0-301F-11D3-BF4B-00C04F79EFBC}") = "Projekt 2.2", "Projekt 2.2\Projekt 2.2.csproj", "{990AE702-E73F-41A9-9CA7-9F2A5A5F4268}"
EndProject
Project("{FAE04EC0-301F-11D3-BF4B-00C04F79EFBC}") = "Projekt 2.3", "Projekt 2.3\Projekt 2.3.csproj", "{94640AB6-FAAD-420A-8863-64134405FA28}"
EndProject
Project("{FAE04EC0-301F-11D3-BF4B-00C04F79EFBC}") = "Projekt 2.4", "Projekt 2.4\Projekt 2.4.csproj", "{84B88B64-C282-4039-9C7A-2D75B2EB4404}"
EndProject
Project("{FAE04EC0-301F-11D3-BF4B-00C04F79EFBC}") = "lab8", "lab8\lab8.csproj", "{2D9D1FDF-4CA1-474F-965D-96B24B646AC5}"
EndProject
Global
	GlobalSection(SolutionConfigurationPlatforms) = preSolution
		Debug|Any CPU = Debug|Any CPU
		Release|Any CPU = Release|Any CPU
	EndGlobalSection
	GlobalSection(ProjectConfigurationPlatforms) = postSolution
		{A612A253-34C3-42C2-AD7B-C94F9E03F28E}.Debug|Any CPU.ActiveCfg = Debug|Any CPU
		{A612A253-34C3-42C2-AD7B-C94F9E03F28E}.Debug|Any CPU.Build.0 = Debug|Any CPU
		{A612A253-34C3-42C2-AD7B-C94F9E03F28E}.Release|Any CPU.ActiveCfg = Release|Any CPU
		{A612A253-34C3-42C2-AD7B-C94F9E03F28E}.Release|Any CPU.Build.0 = Release|Any CPU
		{97B27AAC-E022-4A8B-95A6-5E834F583E33}.Debug|Any CPU.ActiveCfg = Debug|Any CPU
		{97B27AAC-E022-4A8B-95A6-5E834F583E33}.Debug|Any CPU.Build.0 = Debug|Any CPU
		{97B27AAC-E022-4A8B-95A6-5E834F583E33}.Release|Any CPU.ActiveCfg = Release|Any CPU
		{97B27AAC-E022-4A8B-95A6-5E834F583E33}.Release|Any CPU.Build.0 = Release|Any CPU
		{EEB6E5E5-2608-4987-A5EF-98B5B0D146CF}.Debug|Any CPU.ActiveCfg = Debug|Any CPU
		{EEB6E5E5-2608-4987-A5EF-98B5B0D146CF}.Debug|Any CPU.Build.0 = Debug|Any CPU
		{EEB6E5E5-2608-4987-A5EF-98B5B0D146CF}.Release|Any CPU.ActiveCfg = Release|Any CPU
		{EEB6E5E5-2608-4987-A5EF-98B5B0D146CF}.Release|Any CPU.Build.0 = Release|Any CPU
		{71296DE6-3522-47D6-B1A9-3110374B7B06}.Debug|Any CPU.ActiveCfg = Debug|Any CPU
		{71296DE6-3522-47D6-B1A9-3110374B7B06}.Debug|Any CPU.Build.0 = Debug|Any CPU
		{71296DE6-3522-47D6-B1A9-3110374B7B06}.Release|Any CPU.ActiveCfg = Release|Any CPU
		{71296DE6-3522-47D6-B1A9-3110374B7B06}.Release|Any CPU.Build.0 = Release|Any CPU
		{184A6870-9D98-43BF-A818-08F9BE450FFD}.Debug|Any CPU.ActiveCfg = Debug|Any CPU
		{184A6870-9D98-43BF-A818-08F9BE450FFD}.Debug|Any CPU.Build.0 = Debug|Any CPU
		{184A6870-9D98-43BF-A818-08F9BE450FFD}.Release|Any CPU.ActiveCfg = Release|Any CPU
		{184A6870-9D98-43BF-A818-08F9BE450FFD}.Release|Any CPU.Build.0 = Release|Any CPU
		{D8F0F57C-EC31-44E1-B029-6F6D638926C3}.Debug|Any CPU.ActiveCfg = Debug|Any CPU
		{D8F0F57C-EC31-44E1-B029-6F6D638926C3}.Debug|Any CPU.Build.0 = Debug|Any CPU
		{D8F0F57C-EC31-44E1-B029-6F6D638926C3}.Release|Any CPU.ActiveCfg = Release|Any CPU
		{D8F0F57C-EC31-44E1-B029-6F6D638926C3}.Release|Any CPU.Build.0 = Release|Any CPU
		{957429C0-D272-4AC5-A312-77CBD64C7B16}.Debug|Any CPU.ActiveCfg = Debug|Any CPU
		{957429C0-D272-4AC5-A312-77CBD64C7B16}.Debug|Any CPU.Build.0 = Debug|Any CPU
		{957429C0-D272-4AC5-A312-77CBD64C7B16}.Release|Any CPU.ActiveCfg = Release|Any CPU
		{957429C0-D272-4AC5-A312-77CBD64C7B16}.Release|Any CPU.Build.0 = Release|Any CPU
		{2489AD1F-0382-490E-9B4B-AFB5DA34D86A}.Debug|Any CPU.ActiveCfg = Debug|Any CPU
		{2489AD1F-0382-490E-9B4B-AFB5DA34D86A}.Debug|Any CPU.Build.0 = Debug|Any CPU
		{2489AD1F-0382-490E-9B4B-AFB5DA34D86A}.Release|Any CPU.ActiveCfg = Release|Any CPU
		{2489AD1F-0382-490E-9B4B-AFB5DA34D86A}.Release|Any CPU.Build.0 = Release|Any CPU
		{2A6FDE8F-B46B-4E47-BBE8-19B965A0E67C}.Debug|Any CPU.ActiveCfg = Debug|Any CPU
		{2A6FDE8F-B46B-4E47-BBE8-19B965A0E67C}.Debug|Any CPU.Build.0 = Debug|Any CPU
		{2A6FDE8F-B46B-4E47-BBE8-19B965A0E67C}.Release|Any CPU.ActiveCfg = Release|Any CPU
		{2A6FDE8F-B46B-4E47-BBE8-19B965A0E67C}.Release|Any CPU.Build.0 = Release|Any CPU
		{B6A046D0-7503-4A4F-8C42-766F284D64C0}.Debug|Any CPU.ActiveCfg = Debug|Any CPU
		{B6A046D0-7503-4A4F-8C42-766F284D64C0}.Debug|Any CPU.Build.0 = Debug|Any CPU
		{B6A046D0-7503-4A4F-8C42-766F284D64C0}.Release|Any CPU.ActiveCfg = Release|Any CPU
		{B6A046D0-7503-4A4F-8C42-766F284D64C0}.Release|Any CPU.Build.0 = Release|Any CPU
		{8BA9A2FD-3473-429D-A2DA-FE62423BEB71}.Debug|Any CPU.ActiveCfg = Debug|Any CPU
		{8BA9A2FD-3473-429D-A2DA-FE62423BEB71}.Debug|Any CPU.Build.0 = Debug|Any CPU
		{8BA9A2FD-3473-429D-A2DA-FE62423BEB71}.Release|Any CPU.ActiveCfg = Release|Any CPU
		{8BA9A2FD-3473-429D-A2DA-FE62423BEB71}.Release|Any CPU.Build.0 = Release|Any CPU
		{CDB1C1EB-245A-4208-AD19-B17B1D2AA17E}.Debug|Any CPU.ActiveCfg = Debug|Any CPU
		{CDB1C1EB-245A-4208-AD19-B17B1D2AA17E}.Debug|Any CPU.Build.0 = Debug|Any CPU
		{CDB1C1EB-245A-4208-AD19-B17B1D2AA17E}.Release|Any CPU.ActiveCfg = Release|Any CPU
		{CDB1C1EB-245A-4208-AD19-B17B1D2AA17E}.Release|Any CPU.Build.0 = Release|Any CPU
		{434A2C7E-C7EE-4065-B0BD-402B22328FE3}.Debug|Any CPU.ActiveCfg = Debug|Any CPU
		{434A2C7E-C7EE-4065-B0BD-402B22328FE3}.Debug|Any CPU.Build.0 = Debug|Any CPU
		{434A2C7E-C7EE-4065-B0BD-402B22328FE3}.Release|Any CPU.ActiveCfg = Release|Any CPU
		{434A2C7E-C7EE-4065-B0BD-402B22328FE3}.Release|Any CPU.Build.0 = Release|Any CPU
		{8DE5C691-6310-4C96-8E1F-984BB7D93333}.Debug|Any CPU.ActiveCfg = Debug|Any CPU
		{8DE5C691-6310-4C96-8E1F-984BB7D93333}.Debug|Any CPU.Build.0 = Debug|Any CPU
		{8DE5C691-6310-4C96-8E1F-984BB7D93333}.Release|Any CPU.ActiveCfg = Release|Any CPU
		{8DE5C691-6310-4C96-8E1F-984BB7D93333}.Release|Any CPU.Build.0 = Release|Any CPU
		{A35E7292-67FA-4CE5-B804-105F704AC27A}.Debug|Any CPU.ActiveCfg = Debug|Any CPU
		{A35E7292-67FA-4CE5-B804-105F704AC27A}.Debug|Any CPU.Build.0 = Debug|Any CPU
		{A35E7292-67FA-4CE5-B804-105F704AC27A}.Release|Any CPU.ActiveCfg = Release|Any CPU
		{A35E7292-67FA-4CE5-B804-105F704AC27A}.Release|Any CPU.Build.0 = Release|Any CPU
		{61400897-EF1D-4D7F-BADA-E7A7CEDDD266}.Debug|Any CPU.ActiveCfg = Debug|Any CPU
		{61400897-EF1D-4D7F-BADA-E7A7CEDDD266}.Debug|Any CPU.Build.0 = Debug|Any CPU
		{61400897-EF1D-4D7F-BADA-E7A7CEDDD266}.Release|Any CPU.ActiveCfg = Release|Any CPU
		{61400897-EF1D-4D7F-BADA-E7A7CEDDD266}.Release|Any CPU.Build.0 = Release|Any CPU
		{27340AEB-7A3B-44D8-A261-FA4E27AF4DE3}.Debug|Any CPU.ActiveCfg = Debug|Any CPU
		{27340AEB-7A3B-44D8-A261-FA4E27AF4DE3}.Debug|Any CPU.Build.0 = Debug|Any CPU
		{27340AEB-7A3B-44D8-A261-FA4E27AF4DE3}.Release|Any CPU.ActiveCfg = Release|Any CPU
		{27340AEB-7A3B-44D8-A261-FA4E27AF4DE3}.Release|Any CPU.Build.0 = Release|Any CPU
		{C8B40B1C-E7D3-4E1C-B28E-E430C28E552B}.Debug|Any CPU.ActiveCfg = Debug|Any CPU
		{C8B40B1C-E7D3-4E1C-B28E-E430C28E552B}.Debug|Any CPU.Build.0 = Debug|Any CPU
		{C8B40B1C-E7D3-4E1C-B28E-E430C28E552B}.Release|Any CPU.ActiveCfg = Release|Any CPU
		{C8B40B1C-E7D3-4E1C-B28E-E430C28E552B}.Release|Any CPU.Build.0 = Release|Any CPU
		{83CF9195-A22D-4503-BC31-D26B50C2CEE8}.Debug|Any CPU.ActiveCfg = Debug|Any CPU
		{83CF9195-A22D-4503-BC31-D26B50C2CEE8}.Debug|Any CPU.Build.0 = Debug|Any CPU
		{83CF9195-A22D-4503-BC31-D26B50C2CEE8}.Release|Any CPU.ActiveCfg = Release|Any CPU
		{83CF9195-A22D-4503-BC31-D26B50C2CEE8}.Release|Any CPU.Build.0 = Release|Any CPU
		{990AE702-E73F-41A9-9CA7-9F2A5A5F4268}.Debug|Any CPU.ActiveCfg = Debug|Any CPU
		{990AE702-E73F-41A9-9CA7-9F2A5A5F4268}.Debug|Any CPU.Build.0 = Debug|Any CPU
		{990AE702-E73F-41A9-9CA7-9F2A5A5F4268}.Release|Any CPU.ActiveCfg = Release|Any CPU
		{990AE702-E73F-41A9-9CA7-9F2A5A5F4268}.Release|Any CPU.Build.0 = Release|Any CPU
		{94640AB6-FAAD-420A-8863-64134405FA28}.Debug|Any CPU.ActiveCfg = Debug|Any CPU
		{94640AB6-FAAD-420A-8863-64134405FA28}.Debug|Any CPU.Build.0 = Debug|Any CPU
		{94640AB6-FAAD-420A-8863-64134405FA28}.Release|Any CPU.ActiveCfg = Release|Any CPU
		{94640AB6-FAAD-420A-8863-64134405FA28}.Release|Any CPU.Build.0 = Release|Any CPU
		{84B88B64-C282-4039-9C7A-2D75B2EB4404}.Debug|Any CPU.ActiveCfg = Debug|Any CPU
		{84B88B64-C282-4039-9C7A-2D75B2EB4404}.Debug|Any CPU.Build.0 = Debug|Any CPU
		{84B88B64-C282-4039-9C7A-2D75B2EB4404}.Release|Any CPU.ActiveCfg = Release|Any CPU
		{84B88B64-C282-4039-9C7A-2D75B2EB4404}.Release|Any CPU.Build.0 = Release|Any CPU
		{2D9D1FDF-4CA1-474F-965D-96B24B646AC5}.Debug|Any CPU.ActiveCfg = Debug|Any CPU
		{2D9D1FDF-4CA1-474F-965D-96B24B646AC5}.Debug|Any CPU.Build.0 = Debug|Any CPU
		{2D9D1FDF-4CA1-474F-965D-96B24B646AC5}.Release|Any CPU.ActiveCfg = Release|Any CPU
		{2D9D1FDF-4CA1-474F-965D-96B24B646AC5}.Release|Any CPU.Build.0 = Release|Any CPU
	EndGlobalSection
	GlobalSection(SolutionProperties) = preSolution
		HideSolutionNode = FALSE
	EndGlobalSection
	GlobalSection(NestedProjects) = preSolution
		{61400897-EF1D-4D7F-BADA-E7A7CEDDD266} = {307FFD48-F518-42DA-B9B1-198B99F1C300}
	EndGlobalSection
	GlobalSection(ExtensibilityGlobals) = postSolution
		SolutionGuid = {7B9888A2-6F84-4045-8339-B74A981CF181}
	EndGlobalSection
EndGlobal
